
Microsoft Visual Studio Solution File, Format Version 12.00
# Visual Studio Version 16
VisualStudioVersion = 16.0.30011.22
MinimumVisualStudioVersion = 10.0.40219.1
Project("{FAE04EC0-301F-11D3-BF4B-00C04F79EFBC}") = "StresTester", "StresTester.csproj", "{EEFBF7FA-E931-4EA0-A7EF-F329344E755E}"
EndProject
Global
	GlobalSection(SolutionConfigurationPlatforms) = preSolution
		Debug|Any CPU = Debug|Any CPU
		Release|Any CPU = Release|Any CPU
	EndGlobalSection
	GlobalSection(ProjectConfigurationPlatforms) = postSolution
		{EEFBF7FA-E931-4EA0-A7EF-F329344E755E}.Debug|Any CPU.ActiveCfg = Debug|Any CPU
		{EEFBF7FA-E931-4EA0-A7EF-F329344E755E}.Debug|Any CPU.Build.0 = Debug|Any CPU
		{EEFBF7FA-E931-4EA0-A7EF-F329344E755E}.Release|Any CPU.ActiveCfg = Release|Any CPU
		{EEFBF7FA-E931-4EA0-A7EF-F329344E755E}.Release|Any CPU.Build.0 = Release|Any CPU
	EndGlobalSection
	GlobalSection(SolutionProperties) = preSolution
		HideSolutionNode = FALSE
	EndGlobalSection
	GlobalSection(ExtensibilityGlobals) = postSolution
		SolutionGuid = {7BD23785-CAC2-4AE1-92B3-EE491356F9DE}
	EndGlobalSection
EndGlobal
